
Microsoft Visual Studio Solution File, Format Version 12.00
# Visual Studio 15
VisualStudioVersion = 15.0.28307.136
MinimumVisualStudioVersion = 10.0.40219.1
Project("{FAE04EC0-301F-11D3-BF4B-00C04F79EFBC}") = "UserAuthentication.Api", "UserAuthentication.Api\UserAuthentication.Api.csproj", "{DB1BE02F-5AA2-4F84-83DC-897879875A43}"
EndProject
Global
	GlobalSection(SolutionConfigurationPlatforms) = preSolution
		Debug|Any CPU = Debug|Any CPU
		Release|Any CPU = Release|Any CPU
	EndGlobalSection
	GlobalSection(ProjectConfigurationPlatforms) = postSolution
		{DB1BE02F-5AA2-4F84-83DC-897879875A43}.Debug|Any CPU.ActiveCfg = Debug|Any CPU
		{DB1BE02F-5AA2-4F84-83DC-897879875A43}.Debug|Any CPU.Build.0 = Debug|Any CPU
		{DB1BE02F-5AA2-4F84-83DC-897879875A43}.Release|Any CPU.ActiveCfg = Release|Any CPU
		{DB1BE02F-5AA2-4F84-83DC-897879875A43}.Release|Any CPU.Build.0 = Release|Any CPU
	EndGlobalSection
	GlobalSection(SolutionProperties) = preSolution
		HideSolutionNode = FALSE
	EndGlobalSection
	GlobalSection(ExtensibilityGlobals) = postSolution
		SolutionGuid = {CC4B4EA5-5FF0-4E50-970E-B1700EEABC65}
	EndGlobalSection
EndGlobal
